
Microsoft Visual Studio Solution File, Format Version 12.00
# Visual Studio Version 16
VisualStudioVersion = 16.0.32413.511
MinimumVisualStudioVersion = 10.0.40219.1
Project("{FAE04EC0-301F-11D3-BF4B-00C04F79EFBC}") = "Laba5", "Laba5\Laba5.csproj", "{C99E7D8D-C3B1-44B4-9FB6-F09AF77C8241}"
EndProject
Global
	GlobalSection(SolutionConfigurationPlatforms) = preSolution
		Debug|Any CPU = Debug|Any CPU
		Release|Any CPU = Release|Any CPU
	EndGlobalSection
	GlobalSection(ProjectConfigurationPlatforms) = postSolution
		{C99E7D8D-C3B1-44B4-9FB6-F09AF77C8241}.Debug|Any CPU.ActiveCfg = Debug|Any CPU
		{C99E7D8D-C3B1-44B4-9FB6-F09AF77C8241}.Debug|Any CPU.Build.0 = Debug|Any CPU
		{C99E7D8D-C3B1-44B4-9FB6-F09AF77C8241}.Release|Any CPU.ActiveCfg = Release|Any CPU
		{C99E7D8D-C3B1-44B4-9FB6-F09AF77C8241}.Release|Any CPU.Build.0 = Release|Any CPU
	EndGlobalSection
	GlobalSection(SolutionProperties) = preSolution
		HideSolutionNode = FALSE
	EndGlobalSection
	GlobalSection(ExtensibilityGlobals) = postSolution
		SolutionGuid = {584D1379-78BE-47C3-A009-FD4F3AE00A68}
	EndGlobalSection
EndGlobal
